
Microsoft Visual Studio Solution File, Format Version 12.00
# Visual Studio Version 17
VisualStudioVersion = 17.5.33502.453
MinimumVisualStudioVersion = 10.0.40219.1
Project("{FAE04EC0-301F-11D3-BF4B-00C04F79EFBC}") = "Shop", "Shop\Shop.csproj", "{544D5F31-9C09-49F9-BE2C-ECDA15D943ED}"
EndProject
Global
	GlobalSection(SolutionConfigurationPlatforms) = preSolution
		Debug|Any CPU = Debug|Any CPU
		Release|Any CPU = Release|Any CPU
	EndGlobalSection
	GlobalSection(ProjectConfigurationPlatforms) = postSolution
		{544D5F31-9C09-49F9-BE2C-ECDA15D943ED}.Debug|Any CPU.ActiveCfg = Debug|Any CPU
		{544D5F31-9C09-49F9-BE2C-ECDA15D943ED}.Debug|Any CPU.Build.0 = Debug|Any CPU
		{544D5F31-9C09-49F9-BE2C-ECDA15D943ED}.Release|Any CPU.ActiveCfg = Release|Any CPU
		{544D5F31-9C09-49F9-BE2C-ECDA15D943ED}.Release|Any CPU.Build.0 = Release|Any CPU
	EndGlobalSection
	GlobalSection(SolutionProperties) = preSolution
		HideSolutionNode = FALSE
	EndGlobalSection
	GlobalSection(ExtensibilityGlobals) = postSolution
		SolutionGuid = {558AF485-0853-4B62-874D-1CDF1BB7334F}
	EndGlobalSection
EndGlobal
